
Microsoft Visual Studio Solution File, Format Version 12.00
# Visual Studio Version 16
VisualStudioVersion = 16.0.30804.86
MinimumVisualStudioVersion = 10.0.40219.1
Project("{9A19103F-16F7-4668-BE54-9A1E7A4F7556}") = "Scrabble", "Scrabble.csproj", "{E9377C2F-96DE-4AE7-B78C-5FFF5A9AA749}"
EndProject
Project("{9A19103F-16F7-4668-BE54-9A1E7A4F7556}") = "test unitaire", "..\test unitaire\test unitaire.csproj", "{B4B4FB09-E00B-4567-8C3C-6CF1CF8878D8}"
	ProjectSection(ProjectDependencies) = postProject
		{E9377C2F-96DE-4AE7-B78C-5FFF5A9AA749} = {E9377C2F-96DE-4AE7-B78C-5FFF5A9AA749}
	EndProjectSection
EndProject
Global
	GlobalSection(SolutionConfigurationPlatforms) = preSolution
		Debug|Any CPU = Debug|Any CPU
		Release|Any CPU = Release|Any CPU
	EndGlobalSection
	GlobalSection(ProjectConfigurationPlatforms) = postSolution
		{E9377C2F-96DE-4AE7-B78C-5FFF5A9AA749}.Debug|Any CPU.ActiveCfg = Debug|Any CPU
		{E9377C2F-96DE-4AE7-B78C-5FFF5A9AA749}.Debug|Any CPU.Build.0 = Debug|Any CPU
		{E9377C2F-96DE-4AE7-B78C-5FFF5A9AA749}.Release|Any CPU.ActiveCfg = Release|Any CPU
		{E9377C2F-96DE-4AE7-B78C-5FFF5A9AA749}.Release|Any CPU.Build.0 = Release|Any CPU
		{B4B4FB09-E00B-4567-8C3C-6CF1CF8878D8}.Debug|Any CPU.ActiveCfg = Debug|Any CPU
		{B4B4FB09-E00B-4567-8C3C-6CF1CF8878D8}.Debug|Any CPU.Build.0 = Debug|Any CPU
		{B4B4FB09-E00B-4567-8C3C-6CF1CF8878D8}.Release|Any CPU.ActiveCfg = Release|Any CPU
		{B4B4FB09-E00B-4567-8C3C-6CF1CF8878D8}.Release|Any CPU.Build.0 = Release|Any CPU
	EndGlobalSection
	GlobalSection(SolutionProperties) = preSolution
		HideSolutionNode = FALSE
	EndGlobalSection
	GlobalSection(ExtensibilityGlobals) = postSolution
		SolutionGuid = {EF970B5C-E07C-4021-A569-56A55C4AA55F}
	EndGlobalSection
EndGlobal
